// !$*UTF8*$!
{
	archiveVersion = 1;
	classes = {
	};
	objectVersion = 55;
	objects = {

/* Begin PBXBuildFile section */
		0E26C50290A1F702B99B743B /* Pods_Guidomia_GuidomiaUITests.framework in Frameworks */ = {isa = PBXBuildFile; fileRef = BF658C482D2F947C9975E5F9 /* Pods_Guidomia_GuidomiaUITests.framework */; };
		884BBD4A4DACDAB430A4B04D /* Pods_GuidomiaTests.framework in Frameworks */ = {isa = PBXBuildFile; fileRef = F07D001565F086ACFD31EE62 /* Pods_GuidomiaTests.framework */; };
		B1DDBBBE27513AEF00C5F494 /* AppDelegate.swift in Sources */ = {isa = PBXBuildFile; fileRef = B1DDBBBD27513AEF00C5F494 /* AppDelegate.swift */; };
		B1DDBBC027513AEF00C5F494 /* SceneDelegate.swift in Sources */ = {isa = PBXBuildFile; fileRef = B1DDBBBF27513AEF00C5F494 /* SceneDelegate.swift */; };
		B1DDBBC227513AEF00C5F494 /* ViewController.swift in Sources */ = {isa = PBXBuildFile; fileRef = B1DDBBC127513AEF00C5F494 /* ViewController.swift */; };
		B1DDBBC527513AEF00C5F494 /* Main.storyboard in Resources */ = {isa = PBXBuildFile; fileRef = B1DDBBC327513AEF00C5F494 /* Main.storyboard */; };
		B1DDBBC727513AF000C5F494 /* Assets.xcassets in Resources */ = {isa = PBXBuildFile; fileRef = B1DDBBC627513AF000C5F494 /* Assets.xcassets */; };
		B1DDBBCA27513AF000C5F494 /* LaunchScreen.storyboard in Resources */ = {isa = PBXBuildFile; fileRef = B1DDBBC827513AF000C5F494 /* LaunchScreen.storyboard */; };
		B1DDBBD527513AF000C5F494 /* GuidomiaTests.swift in Sources */ = {isa = PBXBuildFile; fileRef = B1DDBBD427513AF000C5F494 /* GuidomiaTests.swift */; };
		B1DDBBDF27513AF000C5F494 /* GuidomiaUITests.swift in Sources */ = {isa = PBXBuildFile; fileRef = B1DDBBDE27513AF000C5F494 /* GuidomiaUITests.swift */; };
		B1DDBBE127513AF000C5F494 /* GuidomiaUITestsLaunchTests.swift in Sources */ = {isa = PBXBuildFile; fileRef = B1DDBBE027513AF000C5F494 /* GuidomiaUITestsLaunchTests.swift */; };
		B1DDBC0427513B7D00C5F494 /* ServiceProvider.swift in Sources */ = {isa = PBXBuildFile; fileRef = B1DDBBED27513B7D00C5F494 /* ServiceProvider.swift */; };
		B1DDBC0527513B7D00C5F494 /* UIColor+Extension.swift in Sources */ = {isa = PBXBuildFile; fileRef = B1DDBBEF27513B7D00C5F494 /* UIColor+Extension.swift */; };
		B1DDBC0627513B7D00C5F494 /* car_list.json in Resources */ = {isa = PBXBuildFile; fileRef = B1DDBBF127513B7D00C5F494 /* car_list.json */; };
		B1DDBC0727513B7D00C5F494 /* CarListInteractor.swift in Sources */ = {isa = PBXBuildFile; fileRef = B1DDBBF327513B7D00C5F494 /* CarListInteractor.swift */; };
		B1DDBC0827513B7D00C5F494 /* CarListViewController.swift in Sources */ = {isa = PBXBuildFile; fileRef = B1DDBBF427513B7D00C5F494 /* CarListViewController.swift */; };
		B1DDBC0927513B7D00C5F494 /* CarListRouter.swift in Sources */ = {isa = PBXBuildFile; fileRef = B1DDBBF527513B7D00C5F494 /* CarListRouter.swift */; };
		B1DDBC0A27513B7D00C5F494 /* CarListPresenter.swift in Sources */ = {isa = PBXBuildFile; fileRef = B1DDBBF627513B7D00C5F494 /* CarListPresenter.swift */; };
		B1DDBC0B27513B7D00C5F494 /* ImageTableViewCell.swift in Sources */ = {isa = PBXBuildFile; fileRef = B1DDBBF927513B7D00C5F494 /* ImageTableViewCell.swift */; };
		B1DDBC0C27513B7D00C5F494 /* ImageTableViewCell.xib in Resources */ = {isa = PBXBuildFile; fileRef = B1DDBBFA27513B7D00C5F494 /* ImageTableViewCell.xib */; };
		B1DDBC0D27513B7D00C5F494 /* ProConsView.swift in Sources */ = {isa = PBXBuildFile; fileRef = B1DDBBFC27513B7D00C5F494 /* ProConsView.swift */; };
		B1DDBC0E27513B7D00C5F494 /* CarTableViewCell.swift in Sources */ = {isa = PBXBuildFile; fileRef = B1DDBBFD27513B7D00C5F494 /* CarTableViewCell.swift */; };
		B1DDBC0F27513B7D00C5F494 /* FilterTableViewCell.swift in Sources */ = {isa = PBXBuildFile; fileRef = B1DDBBFF27513B7D00C5F494 /* FilterTableViewCell.swift */; };
		B1DDBC1027513B7D00C5F494 /* CoreDataHandler.swift in Sources */ = {isa = PBXBuildFile; fileRef = B1DDBC0127513B7D00C5F494 /* CoreDataHandler.swift */; };
		B1DDBC1127513B7D00C5F494 /* CarListDataModel.xcdatamodeld in Sources */ = {isa = PBXBuildFile; fileRef = B1DDBC0227513B7D00C5F494 /* CarListDataModel.xcdatamodeld */; };
		C88AA29879A8430A5DCFEA96 /* Pods_Guidomia.framework in Frameworks */ = {isa = PBXBuildFile; fileRef = 3E1E9F07B19EFFCA5614FEA7 /* Pods_Guidomia.framework */; };
/* End PBXBuildFile section */

/* Begin PBXContainerItemProxy section */
		B1DDBBD127513AF000C5F494 /* PBXContainerItemProxy */ = {
			isa = PBXContainerItemProxy;
			containerPortal = B1DDBBB227513AEF00C5F494 /* Project object */;
			proxyType = 1;
			remoteGlobalIDString = B1DDBBB927513AEF00C5F494;
			remoteInfo = Guidomia;
		};
		B1DDBBDB27513AF000C5F494 /* PBXContainerItemProxy */ = {
			isa = PBXContainerItemProxy;
			containerPortal = B1DDBBB227513AEF00C5F494 /* Project object */;
			proxyType = 1;
			remoteGlobalIDString = B1DDBBB927513AEF00C5F494;
			remoteInfo = Guidomia;
		};
/* End PBXContainerItemProxy section */

/* Begin PBXFileReference section */
		05C28663D2D8C1A718CAD0EC /* Pods-Guidomia-GuidomiaUITests.debug.xcconfig */ = {isa = PBXFileReference; includeInIndex = 1; lastKnownFileType = text.xcconfig; name = "Pods-Guidomia-GuidomiaUITests.debug.xcconfig"; path = "Target Support Files/Pods-Guidomia-GuidomiaUITests/Pods-Guidomia-GuidomiaUITests.debug.xcconfig"; sourceTree = "<group>"; };
		09E49EE14C7B8BE8BC9A8B37 /* Pods-Guidomia-GuidomiaUITests.release.xcconfig */ = {isa = PBXFileReference; includeInIndex = 1; lastKnownFileType = text.xcconfig; name = "Pods-Guidomia-GuidomiaUITests.release.xcconfig"; path = "Target Support Files/Pods-Guidomia-GuidomiaUITests/Pods-Guidomia-GuidomiaUITests.release.xcconfig"; sourceTree = "<group>"; };
		3E1E9F07B19EFFCA5614FEA7 /* Pods_Guidomia.framework */ = {isa = PBXFileReference; explicitFileType = wrapper.framework; includeInIndex = 0; path = Pods_Guidomia.framework; sourceTree = BUILT_PRODUCTS_DIR; };
		4B60B43EA8DB944D3ABADE09 /* Pods-GuidomiaTests.release.xcconfig */ = {isa = PBXFileReference; includeInIndex = 1; lastKnownFileType = text.xcconfig; name = "Pods-GuidomiaTests.release.xcconfig"; path = "Target Support Files/Pods-GuidomiaTests/Pods-GuidomiaTests.release.xcconfig"; sourceTree = "<group>"; };
		AE98EC0E59D207A4957EBB36 /* Pods-GuidomiaTests.debug.xcconfig */ = {isa = PBXFileReference; includeInIndex = 1; lastKnownFileType = text.xcconfig; name = "Pods-GuidomiaTests.debug.xcconfig"; path = "Target Support Files/Pods-GuidomiaTests/Pods-GuidomiaTests.debug.xcconfig"; sourceTree = "<group>"; };
		B1DDBBBA27513AEF00C5F494 /* Guidomia.app */ = {isa = PBXFileReference; explicitFileType = wrapper.application; includeInIndex = 0; path = Guidomia.app; sourceTree = BUILT_PRODUCTS_DIR; };
		B1DDBBBD27513AEF00C5F494 /* AppDelegate.swift */ = {isa = PBXFileReference; lastKnownFileType = sourcecode.swift; path = AppDelegate.swift; sourceTree = "<group>"; };
		B1DDBBBF27513AEF00C5F494 /* SceneDelegate.swift */ = {isa = PBXFileReference; lastKnownFileType = sourcecode.swift; path = SceneDelegate.swift; sourceTree = "<group>"; };
		B1DDBBC127513AEF00C5F494 /* ViewController.swift */ = {isa = PBXFileReference; lastKnownFileType = sourcecode.swift; path = ViewController.swift; sourceTree = "<group>"; };
		B1DDBBC427513AEF00C5F494 /* Base */ = {isa = PBXFileReference; lastKnownFileType = file.storyboard; name = Base; path = Base.lproj/Main.storyboard; sourceTree = "<group>"; };
		B1DDBBC627513AF000C5F494 /* Assets.xcassets */ = {isa = PBXFileReference; lastKnownFileType = folder.assetcatalog; path = Assets.xcassets; sourceTree = "<group>"; };
		B1DDBBC927513AF000C5F494 /* Base */ = {isa = PBXFileReference; lastKnownFileType = file.storyboard; name = Base; path = Base.lproj/LaunchScreen.storyboard; sourceTree = "<group>"; };
		B1DDBBCB27513AF000C5F494 /* Info.plist */ = {isa = PBXFileReference; lastKnownFileType = text.plist.xml; path = Info.plist; sourceTree = "<group>"; };
		B1DDBBD027513AF000C5F494 /* GuidomiaTests.xctest */ = {isa = PBXFileReference; explicitFileType = wrapper.cfbundle; includeInIndex = 0; path = GuidomiaTests.xctest; sourceTree = BUILT_PRODUCTS_DIR; };
		B1DDBBD427513AF000C5F494 /* GuidomiaTests.swift */ = {isa = PBXFileReference; lastKnownFileType = sourcecode.swift; path = GuidomiaTests.swift; sourceTree = "<group>"; };
		B1DDBBDA27513AF000C5F494 /* GuidomiaUITests.xctest */ = {isa = PBXFileReference; explicitFileType = wrapper.cfbundle; includeInIndex = 0; path = GuidomiaUITests.xctest; sourceTree = BUILT_PRODUCTS_DIR; };
		B1DDBBDE27513AF000C5F494 /* GuidomiaUITests.swift */ = {isa = PBXFileReference; lastKnownFileType = sourcecode.swift; path = GuidomiaUITests.swift; sourceTree = "<group>"; };
		B1DDBBE027513AF000C5F494 /* GuidomiaUITestsLaunchTests.swift */ = {isa = PBXFileReference; lastKnownFileType = sourcecode.swift; path = GuidomiaUITestsLaunchTests.swift; sourceTree = "<group>"; };
		B1DDBBED27513B7D00C5F494 /* ServiceProvider.swift */ = {isa = PBXFileReference; fileEncoding = 4; lastKnownFileType = sourcecode.swift; path = ServiceProvider.swift; sourceTree = "<group>"; };
		B1DDBBEF27513B7D00C5F494 /* UIColor+Extension.swift */ = {isa = PBXFileReference; fileEncoding = 4; lastKnownFileType = sourcecode.swift; path = "UIColor+Extension.swift"; sourceTree = "<group>"; };
		B1DDBBF127513B7D00C5F494 /* car_list.json */ = {isa = PBXFileReference; fileEncoding = 4; lastKnownFileType = text.json; path = car_list.json; sourceTree = "<group>"; };
		B1DDBBF327513B7D00C5F494 /* CarListInteractor.swift */ = {isa = PBXFileReference; fileEncoding = 4; lastKnownFileType = sourcecode.swift; path = CarListInteractor.swift; sourceTree = "<group>"; };
		B1DDBBF427513B7D00C5F494 /* CarListViewController.swift */ = {isa = PBXFileReference; fileEncoding = 4; lastKnownFileType = sourcecode.swift; path = CarListViewController.swift; sourceTree = "<group>"; };
		B1DDBBF527513B7D00C5F494 /* CarListRouter.swift */ = {isa = PBXFileReference; fileEncoding = 4; lastKnownFileType = sourcecode.swift; path = CarListRouter.swift; sourceTree = "<group>"; };
		B1DDBBF627513B7D00C5F494 /* CarListPresenter.swift */ = {isa = PBXFileReference; fileEncoding = 4; lastKnownFileType = sourcecode.swift; path = CarListPresenter.swift; sourceTree = "<group>"; };
		B1DDBBF927513B7D00C5F494 /* ImageTableViewCell.swift */ = {isa = PBXFileReference; fileEncoding = 4; lastKnownFileType = sourcecode.swift; path = ImageTableViewCell.swift; sourceTree = "<group>"; };
		B1DDBBFA27513B7D00C5F494 /* ImageTableViewCell.xib */ = {isa = PBXFileReference; fileEncoding = 4; lastKnownFileType = file.xib; path = ImageTableViewCell.xib; sourceTree = "<group>"; };
		B1DDBBFC27513B7D00C5F494 /* ProConsView.swift */ = {isa = PBXFileReference; fileEncoding = 4; lastKnownFileType = sourcecode.swift; path = ProConsView.swift; sourceTree = "<group>"; };
		B1DDBBFD27513B7D00C5F494 /* CarTableViewCell.swift */ = {isa = PBXFileReference; fileEncoding = 4; lastKnownFileType = sourcecode.swift; path = CarTableViewCell.swift; sourceTree = "<group>"; };
		B1DDBBFF27513B7D00C5F494 /* FilterTableViewCell.swift */ = {isa = PBXFileReference; fileEncoding = 4; lastKnownFileType = sourcecode.swift; path = FilterTableViewCell.swift; sourceTree = "<group>"; };
		B1DDBC0127513B7D00C5F494 /* CoreDataHandler.swift */ = {isa = PBXFileReference; fileEncoding = 4; lastKnownFileType = sourcecode.swift; path = CoreDataHandler.swift; sourceTree = "<group>"; };
		B1DDBC0327513B7D00C5F494 /* CarListDataModel.xcdatamodel */ = {isa = PBXFileReference; lastKnownFileType = wrapper.xcdatamodel; path = CarListDataModel.xcdatamodel; sourceTree = "<group>"; };
		BF658C482D2F947C9975E5F9 /* Pods_Guidomia_GuidomiaUITests.framework */ = {isa = PBXFileReference; explicitFileType = wrapper.framework; includeInIndex = 0; path = Pods_Guidomia_GuidomiaUITests.framework; sourceTree = BUILT_PRODUCTS_DIR; };
		C95D1EFD67945496B7ADF29C /* Pods-Guidomia.release.xcconfig */ = {isa = PBXFileReference; includeInIndex = 1; lastKnownFileType = text.xcconfig; name = "Pods-Guidomia.release.xcconfig"; path = "Target Support Files/Pods-Guidomia/Pods-Guidomia.release.xcconfig"; sourceTree = "<group>"; };
		D8CFB5287D0E677C3B676D8D /* Pods-Guidomia.debug.xcconfig */ = {isa = PBXFileReference; includeInIndex = 1; lastKnownFileType = text.xcconfig; name = "Pods-Guidomia.debug.xcconfig"; path = "Target Support Files/Pods-Guidomia/Pods-Guidomia.debug.xcconfig"; sourceTree = "<group>"; };
		F07D001565F086ACFD31EE62 /* Pods_GuidomiaTests.framework */ = {isa = PBXFileReference; explicitFileType = wrapper.framework; includeInIndex = 0; path = Pods_GuidomiaTests.framework; sourceTree = BUILT_PRODUCTS_DIR; };
/* End PBXFileReference section */

/* Begin PBXFrameworksBuildPhase section */
		B1DDBBB727513AEF00C5F494 /* Frameworks */ = {
			isa = PBXFrameworksBuildPhase;
			buildActionMask = 2147483647;
			files = (
				C88AA29879A8430A5DCFEA96 /* Pods_Guidomia.framework in Frameworks */,
			);
			runOnlyForDeploymentPostprocessing = 0;
		};
		B1DDBBCD27513AF000C5F494 /* Frameworks */ = {
			isa = PBXFrameworksBuildPhase;
			buildActionMask = 2147483647;
			files = (
				884BBD4A4DACDAB430A4B04D /* Pods_GuidomiaTests.framework in Frameworks */,
			);
			runOnlyForDeploymentPostprocessing = 0;
		};
		B1DDBBD727513AF000C5F494 /* Frameworks */ = {
			isa = PBXFrameworksBuildPhase;
			buildActionMask = 2147483647;
			files = (
				0E26C50290A1F702B99B743B /* Pods_Guidomia_GuidomiaUITests.framework in Frameworks */,
			);
			runOnlyForDeploymentPostprocessing = 0;
		};
/* End PBXFrameworksBuildPhase section */

/* Begin PBXGroup section */
		78C1BB906B283A110E67B426 /* Pods */ = {
			isa = PBXGroup;
			children = (
				D8CFB5287D0E677C3B676D8D /* Pods-Guidomia.debug.xcconfig */,
				C95D1EFD67945496B7ADF29C /* Pods-Guidomia.release.xcconfig */,
				05C28663D2D8C1A718CAD0EC /* Pods-Guidomia-GuidomiaUITests.debug.xcconfig */,
				09E49EE14C7B8BE8BC9A8B37 /* Pods-Guidomia-GuidomiaUITests.release.xcconfig */,
				AE98EC0E59D207A4957EBB36 /* Pods-GuidomiaTests.debug.xcconfig */,
				4B60B43EA8DB944D3ABADE09 /* Pods-GuidomiaTests.release.xcconfig */,
			);
			path = Pods;
			sourceTree = "<group>";
		};
		B1DDBBB127513AEF00C5F494 = {
			isa = PBXGroup;
			children = (
				B1DDBBBC27513AEF00C5F494 /* Guidomia */,
				B1DDBBD327513AF000C5F494 /* GuidomiaTests */,
				B1DDBBDD27513AF000C5F494 /* GuidomiaUITests */,
				B1DDBBBB27513AEF00C5F494 /* Products */,
				78C1BB906B283A110E67B426 /* Pods */,
				E10F0B286F3D12F461EAA9DB /* Frameworks */,
			);
			sourceTree = "<group>";
		};
		B1DDBBBB27513AEF00C5F494 /* Products */ = {
			isa = PBXGroup;
			children = (
				B1DDBBBA27513AEF00C5F494 /* Guidomia.app */,
				B1DDBBD027513AF000C5F494 /* GuidomiaTests.xctest */,
				B1DDBBDA27513AF000C5F494 /* GuidomiaUITests.xctest */,
			);
			name = Products;
			sourceTree = "<group>";
		};
		B1DDBBBC27513AEF00C5F494 /* Guidomia */ = {
			isa = PBXGroup;
			children = (
				B1DDBBF227513B7D00C5F494 /* CarListModule */,
				B1DDBBF727513B7D00C5F494 /* Cells */,
				B1DDBBEE27513B7D00C5F494 /* Extensions */,
				B1DDBC0027513B7D00C5F494 /* PersistentStore */,
				B1DDBBF027513B7D00C5F494 /* Resources */,
				B1DDBBED27513B7D00C5F494 /* ServiceProvider.swift */,
				B1DDBBBD27513AEF00C5F494 /* AppDelegate.swift */,
				B1DDBBBF27513AEF00C5F494 /* SceneDelegate.swift */,
				B1DDBBC127513AEF00C5F494 /* ViewController.swift */,
				B1DDBBC327513AEF00C5F494 /* Main.storyboard */,
				B1DDBBC627513AF000C5F494 /* Assets.xcassets */,
				B1DDBBC827513AF000C5F494 /* LaunchScreen.storyboard */,
				B1DDBBCB27513AF000C5F494 /* Info.plist */,
			);
			path = Guidomia;
			sourceTree = "<group>";
		};
		B1DDBBD327513AF000C5F494 /* GuidomiaTests */ = {
			isa = PBXGroup;
			children = (
				B1DDBBD427513AF000C5F494 /* GuidomiaTests.swift */,
			);
			path = GuidomiaTests;
			sourceTree = "<group>";
		};
		B1DDBBDD27513AF000C5F494 /* GuidomiaUITests */ = {
			isa = PBXGroup;
			children = (
				B1DDBBDE27513AF000C5F494 /* GuidomiaUITests.swift */,
				B1DDBBE027513AF000C5F494 /* GuidomiaUITestsLaunchTests.swift */,
			);
			path = GuidomiaUITests;
			sourceTree = "<group>";
		};
		B1DDBBEE27513B7D00C5F494 /* Extensions */ = {
			isa = PBXGroup;
			children = (
				B1DDBBEF27513B7D00C5F494 /* UIColor+Extension.swift */,
			);
			path = Extensions;
			sourceTree = "<group>";
		};
		B1DDBBF027513B7D00C5F494 /* Resources */ = {
			isa = PBXGroup;
			children = (
				B1DDBBF127513B7D00C5F494 /* car_list.json */,
			);
			path = Resources;
			sourceTree = "<group>";
		};
		B1DDBBF227513B7D00C5F494 /* CarListModule */ = {
			isa = PBXGroup;
			children = (
				B1DDBBF327513B7D00C5F494 /* CarListInteractor.swift */,
				B1DDBBF427513B7D00C5F494 /* CarListViewController.swift */,
				B1DDBBF527513B7D00C5F494 /* CarListRouter.swift */,
				B1DDBBF627513B7D00C5F494 /* CarListPresenter.swift */,
			);
			path = CarListModule;
			sourceTree = "<group>";
		};
		B1DDBBF727513B7D00C5F494 /* Cells */ = {
			isa = PBXGroup;
			children = (
				B1DDBBF827513B7D00C5F494 /* ImageCell */,
				B1DDBBFB27513B7D00C5F494 /* CarCell */,
				B1DDBBFE27513B7D00C5F494 /* FilterCell */,
			);
			path = Cells;
			sourceTree = "<group>";
		};
		B1DDBBF827513B7D00C5F494 /* ImageCell */ = {
			isa = PBXGroup;
			children = (
				B1DDBBF927513B7D00C5F494 /* ImageTableViewCell.swift */,
				B1DDBBFA27513B7D00C5F494 /* ImageTableViewCell.xib */,
			);
			path = ImageCell;
			sourceTree = "<group>";
		};
		B1DDBBFB27513B7D00C5F494 /* CarCell */ = {
			isa = PBXGroup;
			children = (
				B1DDBBFC27513B7D00C5F494 /* ProConsView.swift */,
				B1DDBBFD27513B7D00C5F494 /* CarTableViewCell.swift */,
			);
			path = CarCell;
			sourceTree = "<group>";
		};
		B1DDBBFE27513B7D00C5F494 /* FilterCell */ = {
			isa = PBXGroup;
			children = (
				B1DDBBFF27513B7D00C5F494 /* FilterTableViewCell.swift */,
			);
			path = FilterCell;
			sourceTree = "<group>";
		};
		B1DDBC0027513B7D00C5F494 /* PersistentStore */ = {
			isa = PBXGroup;
			children = (
				B1DDBC0127513B7D00C5F494 /* CoreDataHandler.swift */,
				B1DDBC0227513B7D00C5F494 /* CarListDataModel.xcdatamodeld */,
			);
			path = PersistentStore;
			sourceTree = "<group>";
		};
		E10F0B286F3D12F461EAA9DB /* Frameworks */ = {
			isa = PBXGroup;
			children = (
				3E1E9F07B19EFFCA5614FEA7 /* Pods_Guidomia.framework */,
				BF658C482D2F947C9975E5F9 /* Pods_Guidomia_GuidomiaUITests.framework */,
				F07D001565F086ACFD31EE62 /* Pods_GuidomiaTests.framework */,
			);
			name = Frameworks;
			sourceTree = "<group>";
		};
/* End PBXGroup section */

/* Begin PBXNativeTarget section */
		B1DDBBB927513AEF00C5F494 /* Guidomia */ = {
			isa = PBXNativeTarget;
			buildConfigurationList = B1DDBBE427513AF000C5F494 /* Build configuration list for PBXNativeTarget "Guidomia" */;
			buildPhases = (
				E2C016F65B84B6B8269E6F87 /* [CP] Check Pods Manifest.lock */,
				B1DDBBB627513AEF00C5F494 /* Sources */,
				B1DDBBB727513AEF00C5F494 /* Frameworks */,
				B1DDBBB827513AEF00C5F494 /* Resources */,
				4A9E103BAA921D9D8FA3E960 /* [CP] Embed Pods Frameworks */,
			);
			buildRules = (
			);
			dependencies = (
			);
			name = Guidomia;
			productName = Guidomia;
			productReference = B1DDBBBA27513AEF00C5F494 /* Guidomia.app */;
			productType = "com.apple.product-type.application";
		};
		B1DDBBCF27513AF000C5F494 /* GuidomiaTests */ = {
			isa = PBXNativeTarget;
			buildConfigurationList = B1DDBBE727513AF000C5F494 /* Build configuration list for PBXNativeTarget "GuidomiaTests" */;
			buildPhases = (
				E4BC4152B18BE5A91689209E /* [CP] Check Pods Manifest.lock */,
				B1DDBBCC27513AF000C5F494 /* Sources */,
				B1DDBBCD27513AF000C5F494 /* Frameworks */,
				B1DDBBCE27513AF000C5F494 /* Resources */,
			);
			buildRules = (
			);
			dependencies = (
				B1DDBBD227513AF000C5F494 /* PBXTargetDependency */,
			);
			name = GuidomiaTests;
			productName = GuidomiaTests;
			productReference = B1DDBBD027513AF000C5F494 /* GuidomiaTests.xctest */;
			productType = "com.apple.product-type.bundle.unit-test";
		};
		B1DDBBD927513AF000C5F494 /* GuidomiaUITests */ = {
			isa = PBXNativeTarget;
			buildConfigurationList = B1DDBBEA27513AF000C5F494 /* Build configuration list for PBXNativeTarget "GuidomiaUITests" */;
			buildPhases = (
				407BD755384DCDB3FC701DCF /* [CP] Check Pods Manifest.lock */,
				B1DDBBD627513AF000C5F494 /* Sources */,
				B1DDBBD727513AF000C5F494 /* Frameworks */,
				B1DDBBD827513AF000C5F494 /* Resources */,
				50B862E9690E0D4236CCC304 /* [CP] Embed Pods Frameworks */,
			);
			buildRules = (
			);
			dependencies = (
				B1DDBBDC27513AF000C5F494 /* PBXTargetDependency */,
			);
			name = GuidomiaUITests;
			productName = GuidomiaUITests;
			productReference = B1DDBBDA27513AF000C5F494 /* GuidomiaUITests.xctest */;
			productType = "com.apple.product-type.bundle.ui-testing";
		};
/* End PBXNativeTarget section */

/* Begin PBXProject section */
		B1DDBBB227513AEF00C5F494 /* Project object */ = {
			isa = PBXProject;
			attributes = {
				BuildIndependentTargetsInParallel = 1;
				LastSwiftUpdateCheck = 1300;
				LastUpgradeCheck = 1300;
				TargetAttributes = {
					B1DDBBB927513AEF00C5F494 = {
						CreatedOnToolsVersion = 13.0;
					};
					B1DDBBCF27513AF000C5F494 = {
						CreatedOnToolsVersion = 13.0;
						TestTargetID = B1DDBBB927513AEF00C5F494;
					};
					B1DDBBD927513AF000C5F494 = {
						CreatedOnToolsVersion = 13.0;
						TestTargetID = B1DDBBB927513AEF00C5F494;
					};
				};
			};
			buildConfigurationList = B1DDBBB527513AEF00C5F494 /* Build configuration list for PBXProject "Guidomia" */;
			compatibilityVersion = "Xcode 13.0";
			developmentRegion = en;
			hasScannedForEncodings = 0;
			knownRegions = (
				en,
				Base,
			);
			mainGroup = B1DDBBB127513AEF00C5F494;
			productRefGroup = B1DDBBBB27513AEF00C5F494 /* Products */;
			projectDirPath = "";
			projectRoot = "";
			targets = (
				B1DDBBB927513AEF00C5F494 /* Guidomia */,
				B1DDBBCF27513AF000C5F494 /* GuidomiaTests */,
				B1DDBBD927513AF000C5F494 /* GuidomiaUITests */,
			);
		};
/* End PBXProject section */

/* Begin PBXResourcesBuildPhase section */
		B1DDBBB827513AEF00C5F494 /* Resources */ = {
			isa = PBXResourcesBuildPhase;
			buildActionMask = 2147483647;
			files = (
				B1DDBC0C27513B7D00C5F494 /* ImageTableViewCell.xib in Resources */,
				B1DDBBCA27513AF000C5F494 /* LaunchScreen.storyboard in Resources */,
				B1DDBBC727513AF000C5F494 /* Assets.xcassets in Resources */,
				B1DDBC0627513B7D00C5F494 /* car_list.json in Resources */,
				B1DDBBC527513AEF00C5F494 /* Main.storyboard in Resources */,
			);
			runOnlyForDeploymentPostprocessing = 0;
		};
		B1DDBBCE27513AF000C5F494 /* Resources */ = {
			isa = PBXResourcesBuildPhase;
			buildActionMask = 2147483647;
			files = (
			);
			runOnlyForDeploymentPostprocessing = 0;
		};
		B1DDBBD827513AF000C5F494 /* Resources */ = {
			isa = PBXResourcesBuildPhase;
			buildActionMask = 2147483647;
			files = (
			);
			runOnlyForDeploymentPostprocessing = 0;
		};
/* End PBXResourcesBuildPhase section */

/* Begin PBXShellScriptBuildPhase section */
		407BD755384DCDB3FC701DCF /* [CP] Check Pods Manifest.lock */ = {
			isa = PBXShellScriptBuildPhase;
			buildActionMask = 2147483647;
			files = (
			);
			inputFileListPaths = (
			);
			inputPaths = (
				"${PODS_PODFILE_DIR_PATH}/Podfile.lock",
				"${PODS_ROOT}/Manifest.lock",
			);
			name = "[CP] Check Pods Manifest.lock";
			outputFileListPaths = (
			);
			outputPaths = (
				"$(DERIVED_FILE_DIR)/Pods-Guidomia-GuidomiaUITests-checkManifestLockResult.txt",
			);
			runOnlyForDeploymentPostprocessing = 0;
			shellPath = /bin/sh;
			shellScript = "diff \"${PODS_PODFILE_DIR_PATH}/Podfile.lock\" \"${PODS_ROOT}/Manifest.lock\" > /dev/null\nif [ $? != 0 ] ; then\n    # print error to STDERR\n    echo \"error: The sandbox is not in sync with the Podfile.lock. Run 'pod install' or update your CocoaPods installation.\" >&2\n    exit 1\nfi\n# This output is used by Xcode 'outputs' to avoid re-running this script phase.\necho \"SUCCESS\" > \"${SCRIPT_OUTPUT_FILE_0}\"\n";
			showEnvVarsInLog = 0;
		};
		4A9E103BAA921D9D8FA3E960 /* [CP] Embed Pods Frameworks */ = {
			isa = PBXShellScriptBuildPhase;
			buildActionMask = 2147483647;
			files = (
			);
			inputFileListPaths = (
				"${PODS_ROOT}/Target Support Files/Pods-Guidomia/Pods-Guidomia-frameworks-${CONFIGURATION}-input-files.xcfilelist",
			);
			name = "[CP] Embed Pods Frameworks";
			outputFileListPaths = (
				"${PODS_ROOT}/Target Support Files/Pods-Guidomia/Pods-Guidomia-frameworks-${CONFIGURATION}-output-files.xcfilelist",
			);
			runOnlyForDeploymentPostprocessing = 0;
			shellPath = /bin/sh;
			shellScript = "\"${PODS_ROOT}/Target Support Files/Pods-Guidomia/Pods-Guidomia-frameworks.sh\"\n";
			showEnvVarsInLog = 0;
		};
		50B862E9690E0D4236CCC304 /* [CP] Embed Pods Frameworks */ = {
			isa = PBXShellScriptBuildPhase;
			buildActionMask = 2147483647;
			files = (
			);
			inputFileListPaths = (
				"${PODS_ROOT}/Target Support Files/Pods-Guidomia-GuidomiaUITests/Pods-Guidomia-GuidomiaUITests-frameworks-${CONFIGURATION}-input-files.xcfilelist",
			);
			name = "[CP] Embed Pods Frameworks";
			outputFileListPaths = (
				"${PODS_ROOT}/Target Support Files/Pods-Guidomia-GuidomiaUITests/Pods-Guidomia-GuidomiaUITests-frameworks-${CONFIGURATION}-output-files.xcfilelist",
			);
			runOnlyForDeploymentPostprocessing = 0;
			shellPath = /bin/sh;
			shellScript = "\"${PODS_ROOT}/Target Support Files/Pods-Guidomia-GuidomiaUITests/Pods-Guidomia-GuidomiaUITests-frameworks.sh\"\n";
			showEnvVarsInLog = 0;
		};
		E2C016F65B84B6B8269E6F87 /* [CP] Check Pods Manifest.lock */ = {
			isa = PBXShellScriptBuildPhase;
			buildActionMask = 2147483647;
			files = (
			);
			inputFileListPaths = (
			);
			inputPaths = (
				"${PODS_PODFILE_DIR_PATH}/Podfile.lock",
				"${PODS_ROOT}/Manifest.lock",
			);
			name = "[CP] Check Pods Manifest.lock";
			outputFileListPaths = (
			);
			outputPaths = (
				"$(DERIVED_FILE_DIR)/Pods-Guidomia-checkManifestLockResult.txt",
			);
			runOnlyForDeploymentPostprocessing = 0;
			shellPath = /bin/sh;
			shellScript = "diff \"${PODS_PODFILE_DIR_PATH}/Podfile.lock\" \"${PODS_ROOT}/Manifest.lock\" > /dev/null\nif [ $? != 0 ] ; then\n    # print error to STDERR\n    echo \"error: The sandbox is not in sync with the Podfile.lock. Run 'pod install' or update your CocoaPods installation.\" >&2\n    exit 1\nfi\n# This output is used by Xcode 'outputs' to avoid re-running this script phase.\necho \"SUCCESS\" > \"${SCRIPT_OUTPUT_FILE_0}\"\n";
			showEnvVarsInLog = 0;
		};
		E4BC4152B18BE5A91689209E /* [CP] Check Pods Manifest.lock */ = {
			isa = PBXShellScriptBuildPhase;
			buildActionMask = 2147483647;
			files = (
			);
			inputFileListPaths = (
			);
			inputPaths = (
				"${PODS_PODFILE_DIR_PATH}/Podfile.lock",
				"${PODS_ROOT}/Manifest.lock",
			);
			name = "[CP] Check Pods Manifest.lock";
			outputFileListPaths = (
			);
			outputPaths = (
				"$(DERIVED_FILE_DIR)/Pods-GuidomiaTests-checkManifestLockResult.txt",
			);
			runOnlyForDeploymentPostprocessing = 0;
			shellPath = /bin/sh;
			shellScript = "diff \"${PODS_PODFILE_DIR_PATH}/Podfile.lock\" \"${PODS_ROOT}/Manifest.lock\" > /dev/null\nif [ $? != 0 ] ; then\n    # print error to STDERR\n    echo \"error: The sandbox is not in sync with the Podfile.lock. Run 'pod install' or update your CocoaPods installation.\" >&2\n    exit 1\nfi\n# This output is used by Xcode 'outputs' to avoid re-running this script phase.\necho \"SUCCESS\" > \"${SCRIPT_OUTPUT_FILE_0}\"\n";
			showEnvVarsInLog = 0;
		};
/* End PBXShellScriptBuildPhase section */

/* Begin PBXSourcesBuildPhase section */
		B1DDBBB627513AEF00C5F494 /* Sources */ = {
			isa = PBXSourcesBuildPhase;
			buildActionMask = 2147483647;
			files = (
				B1DDBC0427513B7D00C5F494 /* ServiceProvider.swift in Sources */,
				B1DDBC0D27513B7D00C5F494 /* ProConsView.swift in Sources */,
				B1DDBC0F27513B7D00C5F494 /* FilterTableViewCell.swift in Sources */,
				B1DDBC0E27513B7D00C5F494 /* CarTableViewCell.swift in Sources */,
				B1DDBC0927513B7D00C5F494 /* CarListRouter.swift in Sources */,
				B1DDBC0727513B7D00C5F494 /* CarListInteractor.swift in Sources */,
				B1DDBBC227513AEF00C5F494 /* ViewController.swift in Sources */,
				B1DDBC1027513B7D00C5F494 /* CoreDataHandler.swift in Sources */,
				B1DDBC0827513B7D00C5F494 /* CarListViewController.swift in Sources */,
				B1DDBC1127513B7D00C5F494 /* CarListDataModel.xcdatamodeld in Sources */,
				B1DDBBBE27513AEF00C5F494 /* AppDelegate.swift in Sources */,
				B1DDBBC027513AEF00C5F494 /* SceneDelegate.swift in Sources */,
				B1DDBC0B27513B7D00C5F494 /* ImageTableViewCell.swift in Sources */,
				B1DDBC0527513B7D00C5F494 /* UIColor+Extension.swift in Sources */,
				B1DDBC0A27513B7D00C5F494 /* CarListPresenter.swift in Sources */,
			);
			runOnlyForDeploymentPostprocessing = 0;
		};
		B1DDBBCC27513AF000C5F494 /* Sources */ = {
			isa = PBXSourcesBuildPhase;
			buildActionMask = 2147483647;
			files = (
				B1DDBBD527513AF000C5F494 /* GuidomiaTests.swift in Sources */,
			);
			runOnlyForDeploymentPostprocessing = 0;
		};
		B1DDBBD627513AF000C5F494 /* Sources */ = {
			isa = PBXSourcesBuildPhase;
			buildActionMask = 2147483647;
			files = (
				B1DDBBE127513AF000C5F494 /* GuidomiaUITestsLaunchTests.swift in Sources */,
				B1DDBBDF27513AF000C5F494 /* GuidomiaUITests.swift in Sources */,
			);
			runOnlyForDeploymentPostprocessing = 0;
		};
/* End PBXSourcesBuildPhase section */

/* Begin PBXTargetDependency section */
		B1DDBBD227513AF000C5F494 /* PBXTargetDependency */ = {
			isa = PBXTargetDependency;
			target = B1DDBBB927513AEF00C5F494 /* Guidomia */;
			targetProxy = B1DDBBD127513AF000C5F494 /* PBXContainerItemProxy */;
		};
		B1DDBBDC27513AF000C5F494 /* PBXTargetDependency */ = {
			isa = PBXTargetDependency;
			target = B1DDBBB927513AEF00C5F494 /* Guidomia */;
			targetProxy = B1DDBBDB27513AF000C5F494 /* PBXContainerItemProxy */;
		};
/* End PBXTargetDependency section */

/* Begin PBXVariantGroup section */
		B1DDBBC327513AEF00C5F494 /* Main.storyboard */ = {
			isa = PBXVariantGroup;
			children = (
				B1DDBBC427513AEF00C5F494 /* Base */,
			);
			name = Main.storyboard;
			sourceTree = "<group>";
		};
		B1DDBBC827513AF000C5F494 /* LaunchScreen.storyboard */ = {
			isa = PBXVariantGroup;
			children = (
				B1DDBBC927513AF000C5F494 /* Base */,
			);
			name = LaunchScreen.storyboard;
			sourceTree = "<group>";
		};
/* End PBXVariantGroup section */

/* Begin XCBuildConfiguration section */
		B1DDBBE227513AF000C5F494 /* Debug */ = {
			isa = XCBuildConfiguration;
			buildSettings = {
				ALWAYS_SEARCH_USER_PATHS = NO;
				CLANG_ANALYZER_NONNULL = YES;
				CLANG_ANALYZER_NUMBER_OBJECT_CONVERSION = YES_AGGRESSIVE;
				CLANG_CXX_LANGUAGE_STANDARD = "gnu++17";
				CLANG_CXX_LIBRARY = "libc++";
				CLANG_ENABLE_MODULES = YES;
				CLANG_ENABLE_OBJC_ARC = YES;
				CLANG_ENABLE_OBJC_WEAK = YES;
				CLANG_WARN_BLOCK_CAPTURE_AUTORELEASING = YES;
				CLANG_WARN_BOOL_CONVERSION = YES;
				CLANG_WARN_COMMA = YES;
				CLANG_WARN_CONSTANT_CONVERSION = YES;
				CLANG_WARN_DEPRECATED_OBJC_IMPLEMENTATIONS = YES;
				CLANG_WARN_DIRECT_OBJC_ISA_USAGE = YES_ERROR;
				CLANG_WARN_DOCUMENTATION_COMMENTS = YES;
				CLANG_WARN_EMPTY_BODY = YES;
				CLANG_WARN_ENUM_CONVERSION = YES;
				CLANG_WARN_INFINITE_RECURSION = YES;
				CLANG_WARN_INT_CONVERSION = YES;
				CLANG_WARN_NON_LITERAL_NULL_CONVERSION = YES;
				CLANG_WARN_OBJC_IMPLICIT_RETAIN_SELF = YES;
				CLANG_WARN_OBJC_LITERAL_CONVERSION = YES;
				CLANG_WARN_OBJC_ROOT_CLASS = YES_ERROR;
				CLANG_WARN_QUOTED_INCLUDE_IN_FRAMEWORK_HEADER = YES;
				CLANG_WARN_RANGE_LOOP_ANALYSIS = YES;
				CLANG_WARN_STRICT_PROTOTYPES = YES;
				CLANG_WARN_SUSPICIOUS_MOVE = YES;
				CLANG_WARN_UNGUARDED_AVAILABILITY = YES_AGGRESSIVE;
				CLANG_WARN_UNREACHABLE_CODE = YES;
				CLANG_WARN__DUPLICATE_METHOD_MATCH = YES;
				COPY_PHASE_STRIP = NO;
				DEBUG_INFORMATION_FORMAT = dwarf;
				ENABLE_STRICT_OBJC_MSGSEND = YES;
				ENABLE_TESTABILITY = YES;
				GCC_C_LANGUAGE_STANDARD = gnu11;
				GCC_DYNAMIC_NO_PIC = NO;
				GCC_NO_COMMON_BLOCKS = YES;
				GCC_OPTIMIZATION_LEVEL = 0;
				GCC_PREPROCESSOR_DEFINITIONS = (
					"DEBUG=1",
					"$(inherited)",
				);
				GCC_WARN_64_TO_32_BIT_CONVERSION = YES;
				GCC_WARN_ABOUT_RETURN_TYPE = YES_ERROR;
				GCC_WARN_UNDECLARED_SELECTOR = YES;
				GCC_WARN_UNINITIALIZED_AUTOS = YES_AGGRESSIVE;
				GCC_WARN_UNUSED_FUNCTION = YES;
				GCC_WARN_UNUSED_VARIABLE = YES;
				IPHONEOS_DEPLOYMENT_TARGET = 15.0;
				MTL_ENABLE_DEBUG_INFO = INCLUDE_SOURCE;
				MTL_FAST_MATH = YES;
				ONLY_ACTIVE_ARCH = YES;
				SDKROOT = iphoneos;
				SWIFT_ACTIVE_COMPILATION_CONDITIONS = DEBUG;
				SWIFT_OPTIMIZATION_LEVEL = "-Onone";
			};
			name = Debug;
		};
		B1DDBBE327513AF000C5F494 /* Release */ = {
			isa = XCBuildConfiguration;
			buildSettings = {
				ALWAYS_SEARCH_USER_PATHS = NO;
				CLANG_ANALYZER_NONNULL = YES;
				CLANG_ANALYZER_NUMBER_OBJECT_CONVERSION = YES_AGGRESSIVE;
				CLANG_CXX_LANGUAGE_STANDARD = "gnu++17";
				CLANG_CXX_LIBRARY = "libc++";
				CLANG_ENABLE_MODULES = YES;
				CLANG_ENABLE_OBJC_ARC = YES;
				CLANG_ENABLE_OBJC_WEAK = YES;
				CLANG_WARN_BLOCK_CAPTURE_AUTORELEASING = YES;
				CLANG_WARN_BOOL_CONVERSION = YES;
				CLANG_WARN_COMMA = YES;
				CLANG_WARN_CONSTANT_CONVERSION = YES;
				CLANG_WARN_DEPRECATED_OBJC_IMPLEMENTATIONS = YES;
				CLANG_WARN_DIRECT_OBJC_ISA_USAGE = YES_ERROR;
				CLANG_WARN_DOCUMENTATION_COMMENTS = YES;
				CLANG_WARN_EMPTY_BODY = YES;
				CLANG_WARN_ENUM_CONVERSION = YES;
				CLANG_WARN_INFINITE_RECURSION = YES;
				CLANG_WARN_INT_CONVERSION = YES;
				CLANG_WARN_NON_LITERAL_NULL_CONVERSION = YES;
				CLANG_WARN_OBJC_IMPLICIT_RETAIN_SELF = YES;
				CLANG_WARN_OBJC_LITERAL_CONVERSION = YES;
				CLANG_WARN_OBJC_ROOT_CLASS = YES_ERROR;
				CLANG_WARN_QUOTED_INCLUDE_IN_FRAMEWORK_HEADER = YES;
				CLANG_WARN_RANGE_LOOP_ANALYSIS = YES;
				CLANG_WARN_STRICT_PROTOTYPES = YES;
				CLANG_WARN_SUSPICIOUS_MOVE = YES;
				CLANG_WARN_UNGUARDED_AVAILABILITY = YES_AGGRESSIVE;
				CLANG_WARN_UNREACHABLE_CODE = YES;
				CLANG_WARN__DUPLICATE_METHOD_MATCH = YES;
				COPY_PHASE_STRIP = NO;
				DEBUG_INFORMATION_FORMAT = "dwarf-with-dsym";
				ENABLE_NS_ASSERTIONS = NO;
				ENABLE_STRICT_OBJC_MSGSEND = YES;
				GCC_C_LANGUAGE_STANDARD = gnu11;
				GCC_NO_COMMON_BLOCKS = YES;
				GCC_WARN_64_TO_32_BIT_CONVERSION = YES;
				GCC_WARN_ABOUT_RETURN_TYPE = YES_ERROR;
				GCC_WARN_UNDECLARED_SELECTOR = YES;
				GCC_WARN_UNINITIALIZED_AUTOS = YES_AGGRESSIVE;
				GCC_WARN_UNUSED_FUNCTION = YES;
				GCC_WARN_UNUSED_VARIABLE = YES;
				IPHONEOS_DEPLOYMENT_TARGET = 15.0;
				MTL_ENABLE_DEBUG_INFO = NO;
				MTL_FAST_MATH = YES;
				SDKROOT = iphoneos;
				SWIFT_COMPILATION_MODE = wholemodule;
				SWIFT_OPTIMIZATION_LEVEL = "-O";
				VALIDATE_PRODUCT = YES;
			};
			name = Release;
		};
		B1DDBBE527513AF000C5F494 /* Debug */ = {
			isa = XCBuildConfiguration;
			baseConfigurationReference = D8CFB5287D0E677C3B676D8D /* Pods-Guidomia.debug.xcconfig */;
			buildSettings = {
				ASSETCATALOG_COMPILER_APPICON_NAME = AppIcon;
				ASSETCATALOG_COMPILER_GLOBAL_ACCENT_COLOR_NAME = AccentColor;
				CODE_SIGN_STYLE = Automatic;
				CURRENT_PROJECT_VERSION = 1;
				GENERATE_INFOPLIST_FILE = YES;
				INFOPLIST_FILE = Guidomia/Info.plist;
				INFOPLIST_KEY_UIApplicationSupportsIndirectInputEvents = YES;
				INFOPLIST_KEY_UILaunchStoryboardName = LaunchScreen;
				INFOPLIST_KEY_UIMainStoryboardFile = Main;
				INFOPLIST_KEY_UISupportedInterfaceOrientations_iPad = "UIInterfaceOrientationPortrait UIInterfaceOrientationPortraitUpsideDown UIInterfaceOrientationLandscapeLeft UIInterfaceOrientationLandscapeRight";
				INFOPLIST_KEY_UISupportedInterfaceOrientations_iPhone = "UIInterfaceOrientationPortrait UIInterfaceOrientationLandscapeLeft UIInterfaceOrientationLandscapeRight";
				LD_RUNPATH_SEARCH_PATHS = (
					"$(inherited)",
					"@executable_path/Frameworks",
				);
				MARKETING_VERSION = 1.0;
				PRODUCT_BUNDLE_IDENTIFIER = com.parisa.guidomia.Guidomia;
				PRODUCT_NAME = "$(TARGET_NAME)";
				SWIFT_EMIT_LOC_STRINGS = YES;
				SWIFT_VERSION = 5.0;
				TARGETED_DEVICE_FAMILY = "1,2";
			};
			name = Debug;
		};
		B1DDBBE627513AF000C5F494 /* Release */ = {
			isa = XCBuildConfiguration;
			baseConfigurationReference = C95D1EFD67945496B7ADF29C /* Pods-Guidomia.release.xcconfig */;
			buildSettings = {
				ASSETCATALOG_COMPILER_APPICON_NAME = AppIcon;
				ASSETCATALOG_COMPILER_GLOBAL_ACCENT_COLOR_NAME = AccentColor;
				CODE_SIGN_STYLE = Automatic;
				CURRENT_PROJECT_VERSION = 1;
				GENERATE_INFOPLIST_FILE = YES;
				INFOPLIST_FILE = Guidomia/Info.plist;
				INFOPLIST_KEY_UIApplicationSupportsIndirectInputEvents = YES;
				INFOPLIST_KEY_UILaunchStoryboardName = LaunchScreen;
				INFOPLIST_KEY_UIMainStoryboardFile = Main;
				INFOPLIST_KEY_UISupportedInterfaceOrientations_iPad = "UIInterfaceOrientationPortrait UIInterfaceOrientationPortraitUpsideDown UIInterfaceOrientationLandscapeLeft UIInterfaceOrientationLandscapeRight";
				INFOPLIST_KEY_UISupportedInterfaceOrientations_iPhone = "UIInterfaceOrientationPortrait UIInterfaceOrientationLandscapeLeft UIInterfaceOrientationLandscapeRight";
				LD_RUNPATH_SEARCH_PATHS = (
					"$(inherited)",
					"@executable_path/Frameworks",
				);
				MARKETING_VERSION = 1.0;
				PRODUCT_BUNDLE_IDENTIFIER = com.parisa.guidomia.Guidomia;
				PRODUCT_NAME = "$(TARGET_NAME)";
				SWIFT_EMIT_LOC_STRINGS = YES;
				SWIFT_VERSION = 5.0;
				TARGETED_DEVICE_FAMILY = "1,2";
			};
			name = Release;
		};
		B1DDBBE827513AF000C5F494 /* Debug */ = {
			isa = XCBuildConfiguration;
			baseConfigurationReference = AE98EC0E59D207A4957EBB36 /* Pods-GuidomiaTests.debug.xcconfig */;
			buildSettings = {
				ALWAYS_EMBED_SWIFT_STANDARD_LIBRARIES = YES;
				BUNDLE_LOADER = "$(TEST_HOST)";
				CODE_SIGN_STYLE = Automatic;
				CURRENT_PROJECT_VERSION = 1;
				GENERATE_INFOPLIST_FILE = YES;
				IPHONEOS_DEPLOYMENT_TARGET = 15.0;
				LD_RUNPATH_SEARCH_PATHS = (
					"$(inherited)",
					"@executable_path/Frameworks",
					"@loader_path/Frameworks",
				);
				MARKETING_VERSION = 1.0;
				PRODUCT_BUNDLE_IDENTIFIER = com.parisa.guidomia.GuidomiaTests;
				PRODUCT_NAME = "$(TARGET_NAME)";
				SWIFT_EMIT_LOC_STRINGS = NO;
				SWIFT_VERSION = 5.0;
				TARGETED_DEVICE_FAMILY = "1,2";
				TEST_HOST = "$(BUILT_PRODUCTS_DIR)/Guidomia.app/Guidomia";
			};
			name = Debug;
		};
		B1DDBBE927513AF000C5F494 /* Release */ = {
			isa = XCBuildConfiguration;
			baseConfigurationReference = 4B60B43EA8DB944D3ABADE09 /* Pods-GuidomiaTests.release.xcconfig */;
			buildSettings = {
				ALWAYS_EMBED_SWIFT_STANDARD_LIBRARIES = YES;
				BUNDLE_LOADER = "$(TEST_HOST)";
				CODE_SIGN_STYLE = Automatic;
				CURRENT_PROJECT_VERSION = 1;
				GENERATE_INFOPLIST_FILE = YES;
				IPHONEOS_DEPLOYMENT_TARGET = 15.0;
				LD_RUNPATH_SEARCH_PATHS = (
					"$(inherited)",
					"@executable_path/Frameworks",
					"@loader_path/Frameworks",
				);
				MARKETING_VERSION = 1.0;
				PRODUCT_BUNDLE_IDENTIFIER = com.parisa.guidomia.GuidomiaTests;
				PRODUCT_NAME = "$(TARGET_NAME)";
				SWIFT_EMIT_LOC_STRINGS = NO;
				SWIFT_VERSION = 5.0;
				TARGETED_DEVICE_FAMILY = "1,2";
				TEST_HOST = "$(BUILT_PRODUCTS_DIR)/Guidomia.app/Guidomia";
			};
			name = Release;
		};
		B1DDBBEB27513AF000C5F494 /* Debug */ = {
			isa = XCBuildConfiguration;
			baseConfigurationReference = 05C28663D2D8C1A718CAD0EC /* Pods-Guidomia-GuidomiaUITests.debug.xcconfig */;
			buildSettings = {
				ALWAYS_EMBED_SWIFT_STANDARD_LIBRARIES = YES;
				CODE_SIGN_STYLE = Automatic;
				CURRENT_PROJECT_VERSION = 1;
				GENERATE_INFOPLIST_FILE = YES;
				LD_RUNPATH_SEARCH_PATHS = (
					"$(inherited)",
					"@executable_path/Frameworks",
					"@loader_path/Frameworks",
				);
				MARKETING_VERSION = 1.0;
				PRODUCT_BUNDLE_IDENTIFIER = com.parisa.guidomia.GuidomiaUITests;
				PRODUCT_NAME = "$(TARGET_NAME)";
				SWIFT_EMIT_LOC_STRINGS = NO;
				SWIFT_VERSION = 5.0;
				TARGETED_DEVICE_FAMILY = "1,2";
				TEST_TARGET_NAME = Guidomia;
			};
			name = Debug;
		};
		B1DDBBEC27513AF000C5F494 /* Release */ = {
			isa = XCBuildConfiguration;
			baseConfigurationReference = 09E49EE14C7B8BE8BC9A8B37 /* Pods-Guidomia-GuidomiaUITests.release.xcconfig */;
			buildSettings = {
				ALWAYS_EMBED_SWIFT_STANDARD_LIBRARIES = YES;
				CODE_SIGN_STYLE = Automatic;
				CURRENT_PROJECT_VERSION = 1;
				GENERATE_INFOPLIST_FILE = YES;
				LD_RUNPATH_SEARCH_PATHS = (
					"$(inherited)",
					"@executable_path/Frameworks",
					"@loader_path/Frameworks",
				);
				MARKETING_VERSION = 1.0;
				PRODUCT_BUNDLE_IDENTIFIER = com.parisa.guidomia.GuidomiaUITests;
				PRODUCT_NAME = "$(TARGET_NAME)";
				SWIFT_EMIT_LOC_STRINGS = NO;
				SWIFT_VERSION = 5.0;
				TARGETED_DEVICE_FAMILY = "1,2";
				TEST_TARGET_NAME = Guidomia;
			};
			name = Release;
		};
/* End XCBuildConfiguration section */

/* Begin XCConfigurationList section */
		B1DDBBB527513AEF00C5F494 /* Build configuration list for PBXProject "Guidomia" */ = {
			isa = XCConfigurationList;
			buildConfigurations = (
				B1DDBBE227513AF000C5F494 /* Debug */,
				B1DDBBE327513AF000C5F494 /* Release */,
			);
			defaultConfigurationIsVisible = 0;
			defaultConfigurationName = Release;
		};
		B1DDBBE427513AF000C5F494 /* Build configuration list for PBXNativeTarget "Guidomia" */ = {
			isa = XCConfigurationList;
			buildConfigurations = (
				B1DDBBE527513AF000C5F494 /* Debug */,
				B1DDBBE627513AF000C5F494 /* Release */,
			);
			defaultConfigurationIsVisible = 0;
			defaultConfigurationName = Release;
		};
		B1DDBBE727513AF000C5F494 /* Build configuration list for PBXNativeTarget "GuidomiaTests" */ = {
			isa = XCConfigurationList;
			buildConfigurations = (
				B1DDBBE827513AF000C5F494 /* Debug */,
				B1DDBBE927513AF000C5F494 /* Release */,
			);
			defaultConfigurationIsVisible = 0;
			defaultConfigurationName = Release;
		};
		B1DDBBEA27513AF000C5F494 /* Build configuration list for PBXNativeTarget "GuidomiaUITests" */ = {
			isa = XCConfigurationList;
			buildConfigurations = (
				B1DDBBEB27513AF000C5F494 /* Debug */,
				B1DDBBEC27513AF000C5F494 /* Release */,
			);
			defaultConfigurationIsVisible = 0;
			defaultConfigurationName = Release;
		};
/* End XCConfigurationList section */

/* Begin XCVersionGroup section */
		B1DDBC0227513B7D00C5F494 /* CarListDataModel.xcdatamodeld */ = {
			isa = XCVersionGroup;
			children = (
				B1DDBC0327513B7D00C5F494 /* CarListDataModel.xcdatamodel */,
			);
			currentVersion = B1DDBC0327513B7D00C5F494 /* CarListDataModel.xcdatamodel */;
			path = CarListDataModel.xcdatamodeld;
			sourceTree = "<group>";
			versionGroupType = wrapper.xcdatamodel;
		};
/* End XCVersionGroup section */
	};
	rootObject = B1DDBBB227513AEF00C5F494 /* Project object */;
}
